{
  "pins" : [
    {
      "identity" : "claude-usage-kit",
      "kind" : "remoteSourceControl",
      "location" : "https://github.com/maferland/claude-usage-kit",
      "state" : {
        "revision" : "88e0d52d3723cdaef460911ae7d9e6f748395e4f",
        "version" : "1.1.1"
      }
    }
  ],
  "version" : 2
}
