{
  "pins" : [
    {
      "identity" : "claude-usage-kit",
      "kind" : "remoteSourceControl",
      "location" : "https://github.com/maferland/claude-usage-kit",
      "state" : {
        "revision" : "389d0f7263590e8c0d8e1100cae5f111682f5859",
        "version" : "1.2.0"
      }
    }
  ],
  "version" : 2
}
